
Microsoft Visual Studio Solution File, Format Version 12.00
# Visual Studio Version 17
VisualStudioVersion = 17.12.35527.113
MinimumVisualStudioVersion = 10.0.40219.1
Project("{2150E333-8FDC-42A3-9474-1A3956D46DE8}") = "src", "src", "{5D9FAAB4-B8F0-440E-B5DD-F258481FA1DF}"
EndProject
Project("{2150E333-8FDC-42A3-9474-1A3956D46DE8}") = "tests", "tests", "{2A4730C6-1DC3-485E-9936-325679103801}"
EndProject
Project("{FAE04EC0-301F-11D3-BF4B-00C04F79EFBC}") = "CashFlow.Api", "src\CashFlow.Api\CashFlow.Api.csproj", "{BFE0D14B-696C-4CA9-B1B0-71EF914CE1CA}"
EndProject
Project("{FAE04EC0-301F-11D3-BF4B-00C04F79EFBC}") = "CashFlow.Application", "src\CashFlow.Application\CashFlow.Application.csproj", "{01F5EB1A-8C19-4E3C-967C-DCF9E2A0DA16}"
EndProject
Project("{FAE04EC0-301F-11D3-BF4B-00C04F79EFBC}") = "CashFlow.Communication", "src\CashFlow.Communication\CashFlow.Communication.csproj", "{DE9DC6BD-AA9E-48CC-8631-4040365A3037}"
EndProject
Project("{FAE04EC0-301F-11D3-BF4B-00C04F79EFBC}") = "CashFlow.Domain", "src\CashFlow.Domain\CashFlow.Domain.csproj", "{24E0AA3D-F201-4778-8BD3-625EE7750F09}"
EndProject
Project("{FAE04EC0-301F-11D3-BF4B-00C04F79EFBC}") = "CashFlow.Exception", "src\CashFlow.Exception\CashFlow.Exception.csproj", "{579421B4-5545-4FF2-B138-5E0B5CCEF8EA}"
EndProject
Project("{FAE04EC0-301F-11D3-BF4B-00C04F79EFBC}") = "CashFlow.Infrastructure", "src\CashFlow.Infrastructure\CashFlow.Infrastructure.csproj", "{EA354F9C-8EB9-4765-AF47-0BE6A591C10F}"
EndProject
Project("{FAE04EC0-301F-11D3-BF4B-00C04F79EFBC}") = "Validators.Tests", "tests\Validators.Tests\Validators.Tests.csproj", "{5FC2A859-7631-4E5B-8779-655F33456129}"
EndProject
Project("{FAE04EC0-301F-11D3-BF4B-00C04F79EFBC}") = "CommonTestsUtilities", "tests\CommonTestsUtilities\CommonTestsUtilities.csproj", "{5FC068BE-B285-4036-80B1-9A9D66D49715}"
EndProject
Project("{FAE04EC0-301F-11D3-BF4B-00C04F79EFBC}") = "UseCases.Test", "tests\UseCases.Test\UseCases.Test.csproj", "{3C7C738E-637D-42AB-89E9-A83DA8873746}"
EndProject
Project("{FAE04EC0-301F-11D3-BF4B-00C04F79EFBC}") = "WebApi.Test", "tests\WebApi.Test\WebApi.Test.csproj", "{4CC73ECA-38C2-44E2-9656-FA4905A750F5}"
EndProject
Global
	GlobalSection(SolutionConfigurationPlatforms) = preSolution
		Debug|Any CPU = Debug|Any CPU
		Release|Any CPU = Release|Any CPU
	EndGlobalSection
	GlobalSection(ProjectConfigurationPlatforms) = postSolution
		{BFE0D14B-696C-4CA9-B1B0-71EF914CE1CA}.Debug|Any CPU.ActiveCfg = Debug|Any CPU
		{BFE0D14B-696C-4CA9-B1B0-71EF914CE1CA}.Debug|Any CPU.Build.0 = Debug|Any CPU
		{BFE0D14B-696C-4CA9-B1B0-71EF914CE1CA}.Release|Any CPU.ActiveCfg = Release|Any CPU
		{BFE0D14B-696C-4CA9-B1B0-71EF914CE1CA}.Release|Any CPU.Build.0 = Release|Any CPU
		{01F5EB1A-8C19-4E3C-967C-DCF9E2A0DA16}.Debug|Any CPU.ActiveCfg = Debug|Any CPU
		{01F5EB1A-8C19-4E3C-967C-DCF9E2A0DA16}.Debug|Any CPU.Build.0 = Debug|Any CPU
		{01F5EB1A-8C19-4E3C-967C-DCF9E2A0DA16}.Release|Any CPU.ActiveCfg = Release|Any CPU
		{01F5EB1A-8C19-4E3C-967C-DCF9E2A0DA16}.Release|Any CPU.Build.0 = Release|Any CPU
		{DE9DC6BD-AA9E-48CC-8631-4040365A3037}.Debug|Any CPU.ActiveCfg = Debug|Any CPU
		{DE9DC6BD-AA9E-48CC-8631-4040365A3037}.Debug|Any CPU.Build.0 = Debug|Any CPU
		{DE9DC6BD-AA9E-48CC-8631-4040365A3037}.Release|Any CPU.ActiveCfg = Release|Any CPU
		{DE9DC6BD-AA9E-48CC-8631-4040365A3037}.Release|Any CPU.Build.0 = Release|Any CPU
		{24E0AA3D-F201-4778-8BD3-625EE7750F09}.Debug|Any CPU.ActiveCfg = Debug|Any CPU
		{24E0AA3D-F201-4778-8BD3-625EE7750F09}.Debug|Any CPU.Build.0 = Debug|Any CPU
		{24E0AA3D-F201-4778-8BD3-625EE7750F09}.Release|Any CPU.ActiveCfg = Release|Any CPU
		{24E0AA3D-F201-4778-8BD3-625EE7750F09}.Release|Any CPU.Build.0 = Release|Any CPU
		{579421B4-5545-4FF2-B138-5E0B5CCEF8EA}.Debug|Any CPU.ActiveCfg = Debug|Any CPU
		{579421B4-5545-4FF2-B138-5E0B5CCEF8EA}.Debug|Any CPU.Build.0 = Debug|Any CPU
		{579421B4-5545-4FF2-B138-5E0B5CCEF8EA}.Release|Any CPU.ActiveCfg = Release|Any CPU
		{579421B4-5545-4FF2-B138-5E0B5CCEF8EA}.Release|Any CPU.Build.0 = Release|Any CPU
		{EA354F9C-8EB9-4765-AF47-0BE6A591C10F}.Debug|Any CPU.ActiveCfg = Debug|Any CPU
		{EA354F9C-8EB9-4765-AF47-0BE6A591C10F}.Debug|Any CPU.Build.0 = Debug|Any CPU
		{EA354F9C-8EB9-4765-AF47-0BE6A591C10F}.Release|Any CPU.ActiveCfg = Release|Any CPU
		{EA354F9C-8EB9-4765-AF47-0BE6A591C10F}.Release|Any CPU.Build.0 = Release|Any CPU
		{5FC2A859-7631-4E5B-8779-655F33456129}.Debug|Any CPU.ActiveCfg = Debug|Any CPU
		{5FC2A859-7631-4E5B-8779-655F33456129}.Debug|Any CPU.Build.0 = Debug|Any CPU
		{5FC2A859-7631-4E5B-8779-655F33456129}.Release|Any CPU.ActiveCfg = Release|Any CPU
		{5FC2A859-7631-4E5B-8779-655F33456129}.Release|Any CPU.Build.0 = Release|Any CPU
		{5FC068BE-B285-4036-80B1-9A9D66D49715}.Debug|Any CPU.ActiveCfg = Debug|Any CPU
		{5FC068BE-B285-4036-80B1-9A9D66D49715}.Debug|Any CPU.Build.0 = Debug|Any CPU
		{5FC068BE-B285-4036-80B1-9A9D66D49715}.Release|Any CPU.ActiveCfg = Release|Any CPU
		{5FC068BE-B285-4036-80B1-9A9D66D49715}.Release|Any CPU.Build.0 = Release|Any CPU
		{3C7C738E-637D-42AB-89E9-A83DA8873746}.Debug|Any CPU.ActiveCfg = Debug|Any CPU
		{3C7C738E-637D-42AB-89E9-A83DA8873746}.Debug|Any CPU.Build.0 = Debug|Any CPU
		{3C7C738E-637D-42AB-89E9-A83DA8873746}.Release|Any CPU.ActiveCfg = Release|Any CPU
		{3C7C738E-637D-42AB-89E9-A83DA8873746}.Release|Any CPU.Build.0 = Release|Any CPU
		{4CC73ECA-38C2-44E2-9656-FA4905A750F5}.Debug|Any CPU.ActiveCfg = Debug|Any CPU
		{4CC73ECA-38C2-44E2-9656-FA4905A750F5}.Debug|Any CPU.Build.0 = Debug|Any CPU
		{4CC73ECA-38C2-44E2-9656-FA4905A750F5}.Release|Any CPU.ActiveCfg = Release|Any CPU
		{4CC73ECA-38C2-44E2-9656-FA4905A750F5}.Release|Any CPU.Build.0 = Release|Any CPU
	EndGlobalSection
	GlobalSection(SolutionProperties) = preSolution
		HideSolutionNode = FALSE
	EndGlobalSection
	GlobalSection(NestedProjects) = preSolution
		{BFE0D14B-696C-4CA9-B1B0-71EF914CE1CA} = {5D9FAAB4-B8F0-440E-B5DD-F258481FA1DF}
		{01F5EB1A-8C19-4E3C-967C-DCF9E2A0DA16} = {5D9FAAB4-B8F0-440E-B5DD-F258481FA1DF}
		{DE9DC6BD-AA9E-48CC-8631-4040365A3037} = {5D9FAAB4-B8F0-440E-B5DD-F258481FA1DF}
		{24E0AA3D-F201-4778-8BD3-625EE7750F09} = {5D9FAAB4-B8F0-440E-B5DD-F258481FA1DF}
		{579421B4-5545-4FF2-B138-5E0B5CCEF8EA} = {5D9FAAB4-B8F0-440E-B5DD-F258481FA1DF}
		{EA354F9C-8EB9-4765-AF47-0BE6A591C10F} = {5D9FAAB4-B8F0-440E-B5DD-F258481FA1DF}
		{5FC2A859-7631-4E5B-8779-655F33456129} = {2A4730C6-1DC3-485E-9936-325679103801}
		{5FC068BE-B285-4036-80B1-9A9D66D49715} = {2A4730C6-1DC3-485E-9936-325679103801}
		{3C7C738E-637D-42AB-89E9-A83DA8873746} = {2A4730C6-1DC3-485E-9936-325679103801}
		{4CC73ECA-38C2-44E2-9656-FA4905A750F5} = {2A4730C6-1DC3-485E-9936-325679103801}
	EndGlobalSection
EndGlobal
